
Microsoft Visual Studio Solution File, Format Version 12.00
# Visual Studio 15
VisualStudioVersion = 15.0.28307.438
MinimumVisualStudioVersion = 10.0.40219.1
Project("{FAE04EC0-301F-11D3-BF4B-00C04F79EFBC}") = "TreeСourseWork", "TreeСourseWork\TreeСourseWork.csproj", "{F416A4F3-5DF5-439E-9FA1-44DAB7EAB718}"
EndProject
Project("{FAE04EC0-301F-11D3-BF4B-00C04F79EFBC}") = "FamilyTreeGenerator", "FamilyTreeGenerator\FamilyTreeGenerator.csproj", "{21F50831-A3E7-4974-BDAE-E6145C948EF5}"
EndProject
Global
	GlobalSection(SolutionConfigurationPlatforms) = preSolution
		Debug|Any CPU = Debug|Any CPU
		Release|Any CPU = Release|Any CPU
	EndGlobalSection
	GlobalSection(ProjectConfigurationPlatforms) = postSolution
		{F416A4F3-5DF5-439E-9FA1-44DAB7EAB718}.Debug|Any CPU.ActiveCfg = Debug|Any CPU
		{F416A4F3-5DF5-439E-9FA1-44DAB7EAB718}.Debug|Any CPU.Build.0 = Debug|Any CPU
		{F416A4F3-5DF5-439E-9FA1-44DAB7EAB718}.Release|Any CPU.ActiveCfg = Release|Any CPU
		{F416A4F3-5DF5-439E-9FA1-44DAB7EAB718}.Release|Any CPU.Build.0 = Release|Any CPU
		{21F50831-A3E7-4974-BDAE-E6145C948EF5}.Debug|Any CPU.ActiveCfg = Debug|Any CPU
		{21F50831-A3E7-4974-BDAE-E6145C948EF5}.Debug|Any CPU.Build.0 = Debug|Any CPU
		{21F50831-A3E7-4974-BDAE-E6145C948EF5}.Release|Any CPU.ActiveCfg = Release|Any CPU
		{21F50831-A3E7-4974-BDAE-E6145C948EF5}.Release|Any CPU.Build.0 = Release|Any CPU
	EndGlobalSection
	GlobalSection(SolutionProperties) = preSolution
		HideSolutionNode = FALSE
	EndGlobalSection
	GlobalSection(ExtensibilityGlobals) = postSolution
		SolutionGuid = {A71EC684-ADF3-442E-B931-B27B4B0C0CE0}
	EndGlobalSection
EndGlobal
